
Microsoft Visual Studio Solution File, Format Version 12.00
Project("{FAE04EC0-301F-11D3-BF4B-00C04F79EFBC}") = "Task10.TreeSize.UI", "Task10.TreeSize.UI\Task10.TreeSize.UI.csproj", "{0E8BD4A5-CAF2-4C4C-A2C3-584109967BF0}"
EndProject
Project("{FAE04EC0-301F-11D3-BF4B-00C04F79EFBC}") = "Task10.TreeSize.FileSystem", "Task10.TreeSize.FileSystem\Task10.TreeSize.FileSystem.csproj", "{5DBAB9F9-ED8E-4122-9785-9F7FEBB041B0}"
EndProject
Global
	GlobalSection(SolutionConfigurationPlatforms) = preSolution
		Debug|Any CPU = Debug|Any CPU
		Release|Any CPU = Release|Any CPU
	EndGlobalSection
	GlobalSection(ProjectConfigurationPlatforms) = postSolution
		{0E8BD4A5-CAF2-4C4C-A2C3-584109967BF0}.Debug|Any CPU.ActiveCfg = Debug|Any CPU
		{0E8BD4A5-CAF2-4C4C-A2C3-584109967BF0}.Debug|Any CPU.Build.0 = Debug|Any CPU
		{0E8BD4A5-CAF2-4C4C-A2C3-584109967BF0}.Release|Any CPU.ActiveCfg = Release|Any CPU
		{0E8BD4A5-CAF2-4C4C-A2C3-584109967BF0}.Release|Any CPU.Build.0 = Release|Any CPU
		{5DBAB9F9-ED8E-4122-9785-9F7FEBB041B0}.Debug|Any CPU.ActiveCfg = Debug|Any CPU
		{5DBAB9F9-ED8E-4122-9785-9F7FEBB041B0}.Debug|Any CPU.Build.0 = Debug|Any CPU
		{5DBAB9F9-ED8E-4122-9785-9F7FEBB041B0}.Release|Any CPU.ActiveCfg = Release|Any CPU
		{5DBAB9F9-ED8E-4122-9785-9F7FEBB041B0}.Release|Any CPU.Build.0 = Release|Any CPU
	EndGlobalSection
EndGlobal
